
Microsoft Visual Studio Solution File, Format Version 12.00
# Visual Studio Version 16
VisualStudioVersion = 16.0.29020.237
MinimumVisualStudioVersion = 10.0.40219.1
Project("{9A19103F-16F7-4668-BE54-9A1E7A4F7556}") = "Tedu.Ecommerce.Domain", "src\Tedu.Ecommerce.Domain\Tedu.Ecommerce.Domain.csproj", "{554AD327-6DBA-4F8F-96F8-81CE7A0C863F}"
EndProject
Project("{9A19103F-16F7-4668-BE54-9A1E7A4F7556}") = "Tedu.Ecommerce.Application", "src\Tedu.Ecommerce.Application\Tedu.Ecommerce.Application.csproj", "{1A94A50E-06DC-43C1-80B5-B662820EC3EB}"
EndProject
Project("{9A19103F-16F7-4668-BE54-9A1E7A4F7556}") = "Tedu.Ecommerce.EntityFrameworkCore", "src\Tedu.Ecommerce.EntityFrameworkCore\Tedu.Ecommerce.EntityFrameworkCore.csproj", "{C956DD76-69C8-4A9C-83EA-D17DF83340FD}"
EndProject
Project("{2150E333-8FDC-42A3-9474-1A3956D46DE8}") = "src", "src", "{CA9AC87F-097E-4F15-8393-4BC07735A5B0}"
EndProject
Project("{2150E333-8FDC-42A3-9474-1A3956D46DE8}") = "test", "test", "{04DBDB01-70F4-4E06-B468-8F87850B22BE}"
EndProject
Project("{9A19103F-16F7-4668-BE54-9A1E7A4F7556}") = "Tedu.Ecommerce.Application.Tests", "test\Tedu.Ecommerce.Application.Tests\Tedu.Ecommerce.Application.Tests.csproj", "{50B2631D-129C-47B3-A587-029CCD6099BC}"
EndProject
Project("{9A19103F-16F7-4668-BE54-9A1E7A4F7556}") = "Tedu.Ecommerce.Domain.Shared", "src\Tedu.Ecommerce.Domain.Shared\Tedu.Ecommerce.Domain.Shared.csproj", "{42F719ED-8413-4895-B5B4-5AB56079BC66}"
EndProject
Project("{9A19103F-16F7-4668-BE54-9A1E7A4F7556}") = "Tedu.Ecommerce.Application.Contracts", "src\Tedu.Ecommerce.Application.Contracts\Tedu.Ecommerce.Application.Contracts.csproj", "{520659C8-C734-4298-A3DA-B539DB9DFC0B}"
EndProject
Project("{9A19103F-16F7-4668-BE54-9A1E7A4F7556}") = "Tedu.Ecommerce.HttpApi", "src\Tedu.Ecommerce.HttpApi\Tedu.Ecommerce.HttpApi.csproj", "{4164BDF7-F527-4E85-9CE6-E3C2D7426A27}"
EndProject
Project("{9A19103F-16F7-4668-BE54-9A1E7A4F7556}") = "Tedu.Ecommerce.HttpApi.Client", "src\Tedu.Ecommerce.HttpApi.Client\Tedu.Ecommerce.HttpApi.Client.csproj", "{3B5A0094-670D-4BB1-BFDD-61B88A8773DC}"
EndProject
Project("{9A19103F-16F7-4668-BE54-9A1E7A4F7556}") = "Tedu.Ecommerce.AuthServer", "src\Tedu.Ecommerce.AuthServer\Tedu.Ecommerce.AuthServer.csproj", "{073C361E-B8F4-49F5-93CC-72A3FF49C026}"
EndProject
Project("{9A19103F-16F7-4668-BE54-9A1E7A4F7556}") = "Tedu.Ecommerce.HttpApi.Host", "src\Tedu.Ecommerce.HttpApi.Host\Tedu.Ecommerce.HttpApi.Host.csproj", "{E6D5BF0E-DE92-4D82-A352-EF04B37CB11C}"
EndProject
Project("{9A19103F-16F7-4668-BE54-9A1E7A4F7556}") = "Tedu.Ecommerce.EntityFrameworkCore.Tests", "test\Tedu.Ecommerce.EntityFrameworkCore.Tests\Tedu.Ecommerce.EntityFrameworkCore.Tests.csproj", "{1FE30EB9-74A9-47F5-A9F6-7B1FAB672D81}"
EndProject
Project("{9A19103F-16F7-4668-BE54-9A1E7A4F7556}") = "Tedu.Ecommerce.TestBase", "test\Tedu.Ecommerce.TestBase\Tedu.Ecommerce.TestBase.csproj", "{91853F21-9CD9-4132-BC29-A7D5D84FFFE7}"
EndProject
Project("{9A19103F-16F7-4668-BE54-9A1E7A4F7556}") = "Tedu.Ecommerce.Domain.Tests", "test\Tedu.Ecommerce.Domain.Tests\Tedu.Ecommerce.Domain.Tests.csproj", "{E512F4D9-9375-480F-A2F6-A46509F9D824}"
EndProject
Project("{9A19103F-16F7-4668-BE54-9A1E7A4F7556}") = "Tedu.Ecommerce.HttpApi.Client.ConsoleTestApp", "test\Tedu.Ecommerce.HttpApi.Client.ConsoleTestApp\Tedu.Ecommerce.HttpApi.Client.ConsoleTestApp.csproj", "{EF480016-9127-4916-8735-D2466BDBC582}"
EndProject
Project("{9A19103F-16F7-4668-BE54-9A1E7A4F7556}") = "Tedu.Ecommerce.DbMigrator", "src\Tedu.Ecommerce.DbMigrator\Tedu.Ecommerce.DbMigrator.csproj", "{AA94D832-1CCC-4715-95A9-A483F23A1A5D}"
EndProject
Project("{2150E333-8FDC-42A3-9474-1A3956D46DE8}") = "admin", "admin", "{09C5488E-9165-4ECB-85B6-DC3CFE616451}"
EndProject
Project("{2150E333-8FDC-42A3-9474-1A3956D46DE8}") = "common", "common", "{0F314284-7ED0-4EC4-BCE5-27FA50F773F6}"
EndProject
Project("{2150E333-8FDC-42A3-9474-1A3956D46DE8}") = "identity", "identity", "{EA0AE451-CB93-4242-B4CC-A11B8CE061C1}"
EndProject
Project("{2150E333-8FDC-42A3-9474-1A3956D46DE8}") = "public", "public", "{768B86AF-E937-47D7-AB2C-5E27C5B4A988}"
EndProject
Project("{2150E333-8FDC-42A3-9474-1A3956D46DE8}") = "admin", "admin", "{E6533F24-8CAA-40EC-BD55-6C5BC1418B54}"
EndProject
Project("{2150E333-8FDC-42A3-9474-1A3956D46DE8}") = "public", "public", "{DE5E1991-0456-4277-ACC1-F87EC1BB4239}"
EndProject
Project("{2150E333-8FDC-42A3-9474-1A3956D46DE8}") = "domain", "domain", "{4F5315CD-9D3F-41B0-93F3-201E93D26689}"
EndProject
Project("{2150E333-8FDC-42A3-9474-1A3956D46DE8}") = "infrastructure", "infrastructure", "{0B731E17-B07E-46B5-9FE3-9DDB55ABA2A8}"
EndProject
Project("{FAE04EC0-301F-11D3-BF4B-00C04F79EFBC}") = "Tedu.Ecommerce.Admin.Application", "src\Tedu.Ecommerce.Admin.Application\Tedu.Ecommerce.Admin.Application.csproj", "{6BF8D933-8375-4FEF-97F4-A38679CB836C}"
EndProject
Project("{FAE04EC0-301F-11D3-BF4B-00C04F79EFBC}") = "Tedu.Ecommerce.Admin.Application.Contracts", "src\Tedu.Ecommerce.Admin.Application.Contracts\Tedu.Ecommerce.Admin.Application.Contracts.csproj", "{52CC6F37-3E68-46E2-B86A-E2AA37346302}"
EndProject
Project("{FAE04EC0-301F-11D3-BF4B-00C04F79EFBC}") = "Tedu.Ecommerce.Admin.HttpApi", "src\Tedu.Ecommerce.Admin.HttpApi\Tedu.Ecommerce.Admin.HttpApi.csproj", "{3CD078C1-CC51-44CC-9A10-6DB63B8EC260}"
EndProject
Project("{FAE04EC0-301F-11D3-BF4B-00C04F79EFBC}") = "Tedu.Ecommerce.Admin.HttpApi.Client", "src\Tedu.Ecommerce.Admin.HttpApi.Client\Tedu.Ecommerce.Admin.HttpApi.Client.csproj", "{E95E100F-3486-48AE-B334-BB30CB185DE2}"
EndProject
Project("{FAE04EC0-301F-11D3-BF4B-00C04F79EFBC}") = "Tedu.Ecommerce.Admin.HttpApi.Host", "src\Tedu.Ecommerce.Admin.HttpApi.Host\Tedu.Ecommerce.Admin.HttpApi.Host.csproj", "{B5542D9D-B241-46CA-8034-84B472F1E79F}"
EndProject
Project("{FAE04EC0-301F-11D3-BF4B-00C04F79EFBC}") = "Tedu.Ecommerce.Admin.Application.Tests", "test\Tedu.Ecommerce.Admin.Application.Tests\Tedu.Ecommerce.Admin.Application.Tests.csproj", "{1773A39C-7031-4337-A76B-26BB806E6332}"
EndProject
Project("{FAE04EC0-301F-11D3-BF4B-00C04F79EFBC}") = "Tedu.Ecommerce.Admin.HttpApi.Client.ConsoleTestApp", "test\Tedu.Ecommerce.Admin.HttpApi.Client.ConsoleTestApp\Tedu.Ecommerce.Admin.HttpApi.Client.ConsoleTestApp.csproj", "{41924376-C99B-44EF-AF35-21A5F16C4002}"
EndProject
Project("{2150E333-8FDC-42A3-9474-1A3956D46DE8}") = "shared", "shared", "{17DB018F-8DC6-4B2D-9DCF-514C12F5641B}"
EndProject
Project("{2150E333-8FDC-42A3-9474-1A3956D46DE8}") = "sln-items", "sln-items", "{C8A3CEC7-5E51-4414-B999-3B58209BD9D3}"
	ProjectSection(SolutionItems) = preProject
		..\.gitignore = ..\.gitignore
	EndProjectSection
EndProject
Global
	GlobalSection(SolutionConfigurationPlatforms) = preSolution
		Debug|Any CPU = Debug|Any CPU
		Release|Any CPU = Release|Any CPU
	EndGlobalSection
	GlobalSection(ProjectConfigurationPlatforms) = postSolution
		{554AD327-6DBA-4F8F-96F8-81CE7A0C863F}.Debug|Any CPU.ActiveCfg = Debug|Any CPU
		{554AD327-6DBA-4F8F-96F8-81CE7A0C863F}.Debug|Any CPU.Build.0 = Debug|Any CPU
		{554AD327-6DBA-4F8F-96F8-81CE7A0C863F}.Release|Any CPU.ActiveCfg = Release|Any CPU
		{554AD327-6DBA-4F8F-96F8-81CE7A0C863F}.Release|Any CPU.Build.0 = Release|Any CPU
		{1A94A50E-06DC-43C1-80B5-B662820EC3EB}.Debug|Any CPU.ActiveCfg = Debug|Any CPU
		{1A94A50E-06DC-43C1-80B5-B662820EC3EB}.Debug|Any CPU.Build.0 = Debug|Any CPU
		{1A94A50E-06DC-43C1-80B5-B662820EC3EB}.Release|Any CPU.ActiveCfg = Release|Any CPU
		{1A94A50E-06DC-43C1-80B5-B662820EC3EB}.Release|Any CPU.Build.0 = Release|Any CPU
		{C956DD76-69C8-4A9C-83EA-D17DF83340FD}.Debug|Any CPU.ActiveCfg = Debug|Any CPU
		{C956DD76-69C8-4A9C-83EA-D17DF83340FD}.Debug|Any CPU.Build.0 = Debug|Any CPU
		{C956DD76-69C8-4A9C-83EA-D17DF83340FD}.Release|Any CPU.ActiveCfg = Release|Any CPU
		{C956DD76-69C8-4A9C-83EA-D17DF83340FD}.Release|Any CPU.Build.0 = Release|Any CPU
		{50B2631D-129C-47B3-A587-029CCD6099BC}.Debug|Any CPU.ActiveCfg = Debug|Any CPU
		{50B2631D-129C-47B3-A587-029CCD6099BC}.Debug|Any CPU.Build.0 = Debug|Any CPU
		{50B2631D-129C-47B3-A587-029CCD6099BC}.Release|Any CPU.ActiveCfg = Release|Any CPU
		{50B2631D-129C-47B3-A587-029CCD6099BC}.Release|Any CPU.Build.0 = Release|Any CPU
		{42F719ED-8413-4895-B5B4-5AB56079BC66}.Debug|Any CPU.ActiveCfg = Debug|Any CPU
		{42F719ED-8413-4895-B5B4-5AB56079BC66}.Debug|Any CPU.Build.0 = Debug|Any CPU
		{42F719ED-8413-4895-B5B4-5AB56079BC66}.Release|Any CPU.ActiveCfg = Release|Any CPU
		{42F719ED-8413-4895-B5B4-5AB56079BC66}.Release|Any CPU.Build.0 = Release|Any CPU
		{520659C8-C734-4298-A3DA-B539DB9DFC0B}.Debug|Any CPU.ActiveCfg = Debug|Any CPU
		{520659C8-C734-4298-A3DA-B539DB9DFC0B}.Debug|Any CPU.Build.0 = Debug|Any CPU
		{520659C8-C734-4298-A3DA-B539DB9DFC0B}.Release|Any CPU.ActiveCfg = Release|Any CPU
		{520659C8-C734-4298-A3DA-B539DB9DFC0B}.Release|Any CPU.Build.0 = Release|Any CPU
		{4164BDF7-F527-4E85-9CE6-E3C2D7426A27}.Debug|Any CPU.ActiveCfg = Debug|Any CPU
		{4164BDF7-F527-4E85-9CE6-E3C2D7426A27}.Debug|Any CPU.Build.0 = Debug|Any CPU
		{4164BDF7-F527-4E85-9CE6-E3C2D7426A27}.Release|Any CPU.ActiveCfg = Release|Any CPU
		{4164BDF7-F527-4E85-9CE6-E3C2D7426A27}.Release|Any CPU.Build.0 = Release|Any CPU
		{3B5A0094-670D-4BB1-BFDD-61B88A8773DC}.Debug|Any CPU.ActiveCfg = Debug|Any CPU
		{3B5A0094-670D-4BB1-BFDD-61B88A8773DC}.Debug|Any CPU.Build.0 = Debug|Any CPU
		{3B5A0094-670D-4BB1-BFDD-61B88A8773DC}.Release|Any CPU.ActiveCfg = Release|Any CPU
		{3B5A0094-670D-4BB1-BFDD-61B88A8773DC}.Release|Any CPU.Build.0 = Release|Any CPU
		{073C361E-B8F4-49F5-93CC-72A3FF49C026}.Debug|Any CPU.ActiveCfg = Debug|Any CPU
		{073C361E-B8F4-49F5-93CC-72A3FF49C026}.Debug|Any CPU.Build.0 = Debug|Any CPU
		{073C361E-B8F4-49F5-93CC-72A3FF49C026}.Release|Any CPU.ActiveCfg = Release|Any CPU
		{073C361E-B8F4-49F5-93CC-72A3FF49C026}.Release|Any CPU.Build.0 = Release|Any CPU
		{E6D5BF0E-DE92-4D82-A352-EF04B37CB11C}.Debug|Any CPU.ActiveCfg = Debug|Any CPU
		{E6D5BF0E-DE92-4D82-A352-EF04B37CB11C}.Debug|Any CPU.Build.0 = Debug|Any CPU
		{E6D5BF0E-DE92-4D82-A352-EF04B37CB11C}.Release|Any CPU.ActiveCfg = Release|Any CPU
		{E6D5BF0E-DE92-4D82-A352-EF04B37CB11C}.Release|Any CPU.Build.0 = Release|Any CPU
		{1FE30EB9-74A9-47F5-A9F6-7B1FAB672D81}.Debug|Any CPU.ActiveCfg = Debug|Any CPU
		{1FE30EB9-74A9-47F5-A9F6-7B1FAB672D81}.Debug|Any CPU.Build.0 = Debug|Any CPU
		{1FE30EB9-74A9-47F5-A9F6-7B1FAB672D81}.Release|Any CPU.ActiveCfg = Release|Any CPU
		{1FE30EB9-74A9-47F5-A9F6-7B1FAB672D81}.Release|Any CPU.Build.0 = Release|Any CPU
		{91853F21-9CD9-4132-BC29-A7D5D84FFFE7}.Debug|Any CPU.ActiveCfg = Debug|Any CPU
		{91853F21-9CD9-4132-BC29-A7D5D84FFFE7}.Debug|Any CPU.Build.0 = Debug|Any CPU
		{91853F21-9CD9-4132-BC29-A7D5D84FFFE7}.Release|Any CPU.ActiveCfg = Release|Any CPU
		{91853F21-9CD9-4132-BC29-A7D5D84FFFE7}.Release|Any CPU.Build.0 = Release|Any CPU
		{E512F4D9-9375-480F-A2F6-A46509F9D824}.Debug|Any CPU.ActiveCfg = Debug|Any CPU
		{E512F4D9-9375-480F-A2F6-A46509F9D824}.Debug|Any CPU.Build.0 = Debug|Any CPU
		{E512F4D9-9375-480F-A2F6-A46509F9D824}.Release|Any CPU.ActiveCfg = Release|Any CPU
		{E512F4D9-9375-480F-A2F6-A46509F9D824}.Release|Any CPU.Build.0 = Release|Any CPU
		{EF480016-9127-4916-8735-D2466BDBC582}.Debug|Any CPU.ActiveCfg = Debug|Any CPU
		{EF480016-9127-4916-8735-D2466BDBC582}.Debug|Any CPU.Build.0 = Debug|Any CPU
		{EF480016-9127-4916-8735-D2466BDBC582}.Release|Any CPU.ActiveCfg = Release|Any CPU
		{EF480016-9127-4916-8735-D2466BDBC582}.Release|Any CPU.Build.0 = Release|Any CPU
		{AA94D832-1CCC-4715-95A9-A483F23A1A5D}.Debug|Any CPU.ActiveCfg = Debug|Any CPU
		{AA94D832-1CCC-4715-95A9-A483F23A1A5D}.Debug|Any CPU.Build.0 = Debug|Any CPU
		{AA94D832-1CCC-4715-95A9-A483F23A1A5D}.Release|Any CPU.ActiveCfg = Release|Any CPU
		{AA94D832-1CCC-4715-95A9-A483F23A1A5D}.Release|Any CPU.Build.0 = Release|Any CPU
		{6BF8D933-8375-4FEF-97F4-A38679CB836C}.Debug|Any CPU.ActiveCfg = Debug|Any CPU
		{6BF8D933-8375-4FEF-97F4-A38679CB836C}.Debug|Any CPU.Build.0 = Debug|Any CPU
		{6BF8D933-8375-4FEF-97F4-A38679CB836C}.Release|Any CPU.ActiveCfg = Release|Any CPU
		{6BF8D933-8375-4FEF-97F4-A38679CB836C}.Release|Any CPU.Build.0 = Release|Any CPU
		{52CC6F37-3E68-46E2-B86A-E2AA37346302}.Debug|Any CPU.ActiveCfg = Debug|Any CPU
		{52CC6F37-3E68-46E2-B86A-E2AA37346302}.Debug|Any CPU.Build.0 = Debug|Any CPU
		{52CC6F37-3E68-46E2-B86A-E2AA37346302}.Release|Any CPU.ActiveCfg = Release|Any CPU
		{52CC6F37-3E68-46E2-B86A-E2AA37346302}.Release|Any CPU.Build.0 = Release|Any CPU
		{3CD078C1-CC51-44CC-9A10-6DB63B8EC260}.Debug|Any CPU.ActiveCfg = Debug|Any CPU
		{3CD078C1-CC51-44CC-9A10-6DB63B8EC260}.Debug|Any CPU.Build.0 = Debug|Any CPU
		{3CD078C1-CC51-44CC-9A10-6DB63B8EC260}.Release|Any CPU.ActiveCfg = Release|Any CPU
		{3CD078C1-CC51-44CC-9A10-6DB63B8EC260}.Release|Any CPU.Build.0 = Release|Any CPU
		{E95E100F-3486-48AE-B334-BB30CB185DE2}.Debug|Any CPU.ActiveCfg = Debug|Any CPU
		{E95E100F-3486-48AE-B334-BB30CB185DE2}.Debug|Any CPU.Build.0 = Debug|Any CPU
		{E95E100F-3486-48AE-B334-BB30CB185DE2}.Release|Any CPU.ActiveCfg = Release|Any CPU
		{E95E100F-3486-48AE-B334-BB30CB185DE2}.Release|Any CPU.Build.0 = Release|Any CPU
		{B5542D9D-B241-46CA-8034-84B472F1E79F}.Debug|Any CPU.ActiveCfg = Debug|Any CPU
		{B5542D9D-B241-46CA-8034-84B472F1E79F}.Debug|Any CPU.Build.0 = Debug|Any CPU
		{B5542D9D-B241-46CA-8034-84B472F1E79F}.Release|Any CPU.ActiveCfg = Release|Any CPU
		{B5542D9D-B241-46CA-8034-84B472F1E79F}.Release|Any CPU.Build.0 = Release|Any CPU
		{1773A39C-7031-4337-A76B-26BB806E6332}.Debug|Any CPU.ActiveCfg = Debug|Any CPU
		{1773A39C-7031-4337-A76B-26BB806E6332}.Debug|Any CPU.Build.0 = Debug|Any CPU
		{1773A39C-7031-4337-A76B-26BB806E6332}.Release|Any CPU.ActiveCfg = Release|Any CPU
		{1773A39C-7031-4337-A76B-26BB806E6332}.Release|Any CPU.Build.0 = Release|Any CPU
		{41924376-C99B-44EF-AF35-21A5F16C4002}.Debug|Any CPU.ActiveCfg = Debug|Any CPU
		{41924376-C99B-44EF-AF35-21A5F16C4002}.Debug|Any CPU.Build.0 = Debug|Any CPU
		{41924376-C99B-44EF-AF35-21A5F16C4002}.Release|Any CPU.ActiveCfg = Release|Any CPU
		{41924376-C99B-44EF-AF35-21A5F16C4002}.Release|Any CPU.Build.0 = Release|Any CPU
	EndGlobalSection
	GlobalSection(SolutionProperties) = preSolution
		HideSolutionNode = FALSE
	EndGlobalSection
	GlobalSection(NestedProjects) = preSolution
		{554AD327-6DBA-4F8F-96F8-81CE7A0C863F} = {4F5315CD-9D3F-41B0-93F3-201E93D26689}
		{1A94A50E-06DC-43C1-80B5-B662820EC3EB} = {768B86AF-E937-47D7-AB2C-5E27C5B4A988}
		{C956DD76-69C8-4A9C-83EA-D17DF83340FD} = {0B731E17-B07E-46B5-9FE3-9DDB55ABA2A8}
		{50B2631D-129C-47B3-A587-029CCD6099BC} = {DE5E1991-0456-4277-ACC1-F87EC1BB4239}
		{42F719ED-8413-4895-B5B4-5AB56079BC66} = {4F5315CD-9D3F-41B0-93F3-201E93D26689}
		{520659C8-C734-4298-A3DA-B539DB9DFC0B} = {768B86AF-E937-47D7-AB2C-5E27C5B4A988}
		{4164BDF7-F527-4E85-9CE6-E3C2D7426A27} = {768B86AF-E937-47D7-AB2C-5E27C5B4A988}
		{3B5A0094-670D-4BB1-BFDD-61B88A8773DC} = {768B86AF-E937-47D7-AB2C-5E27C5B4A988}
		{073C361E-B8F4-49F5-93CC-72A3FF49C026} = {EA0AE451-CB93-4242-B4CC-A11B8CE061C1}
		{E6D5BF0E-DE92-4D82-A352-EF04B37CB11C} = {768B86AF-E937-47D7-AB2C-5E27C5B4A988}
		{1FE30EB9-74A9-47F5-A9F6-7B1FAB672D81} = {17DB018F-8DC6-4B2D-9DCF-514C12F5641B}
		{91853F21-9CD9-4132-BC29-A7D5D84FFFE7} = {17DB018F-8DC6-4B2D-9DCF-514C12F5641B}
		{E512F4D9-9375-480F-A2F6-A46509F9D824} = {17DB018F-8DC6-4B2D-9DCF-514C12F5641B}
		{EF480016-9127-4916-8735-D2466BDBC582} = {DE5E1991-0456-4277-ACC1-F87EC1BB4239}
		{AA94D832-1CCC-4715-95A9-A483F23A1A5D} = {0B731E17-B07E-46B5-9FE3-9DDB55ABA2A8}
		{09C5488E-9165-4ECB-85B6-DC3CFE616451} = {CA9AC87F-097E-4F15-8393-4BC07735A5B0}
		{0F314284-7ED0-4EC4-BCE5-27FA50F773F6} = {CA9AC87F-097E-4F15-8393-4BC07735A5B0}
		{EA0AE451-CB93-4242-B4CC-A11B8CE061C1} = {CA9AC87F-097E-4F15-8393-4BC07735A5B0}
		{768B86AF-E937-47D7-AB2C-5E27C5B4A988} = {CA9AC87F-097E-4F15-8393-4BC07735A5B0}
		{E6533F24-8CAA-40EC-BD55-6C5BC1418B54} = {04DBDB01-70F4-4E06-B468-8F87850B22BE}
		{DE5E1991-0456-4277-ACC1-F87EC1BB4239} = {04DBDB01-70F4-4E06-B468-8F87850B22BE}
		{4F5315CD-9D3F-41B0-93F3-201E93D26689} = {0F314284-7ED0-4EC4-BCE5-27FA50F773F6}
		{0B731E17-B07E-46B5-9FE3-9DDB55ABA2A8} = {0F314284-7ED0-4EC4-BCE5-27FA50F773F6}
		{6BF8D933-8375-4FEF-97F4-A38679CB836C} = {09C5488E-9165-4ECB-85B6-DC3CFE616451}
		{52CC6F37-3E68-46E2-B86A-E2AA37346302} = {09C5488E-9165-4ECB-85B6-DC3CFE616451}
		{3CD078C1-CC51-44CC-9A10-6DB63B8EC260} = {09C5488E-9165-4ECB-85B6-DC3CFE616451}
		{E95E100F-3486-48AE-B334-BB30CB185DE2} = {09C5488E-9165-4ECB-85B6-DC3CFE616451}
		{B5542D9D-B241-46CA-8034-84B472F1E79F} = {09C5488E-9165-4ECB-85B6-DC3CFE616451}
		{1773A39C-7031-4337-A76B-26BB806E6332} = {E6533F24-8CAA-40EC-BD55-6C5BC1418B54}
		{41924376-C99B-44EF-AF35-21A5F16C4002} = {E6533F24-8CAA-40EC-BD55-6C5BC1418B54}
		{17DB018F-8DC6-4B2D-9DCF-514C12F5641B} = {04DBDB01-70F4-4E06-B468-8F87850B22BE}
	EndGlobalSection
	GlobalSection(ExtensibilityGlobals) = postSolution
		SolutionGuid = {28315BFD-90E7-4E14-A2EA-F3D23AF4126F}
	EndGlobalSection
EndGlobal
